// !$*UTF8*$!
{
	archiveVersion = 1;
	classes = {
	};
	objectVersion = 55;
	objects = {

/* Begin PBXBuildFile section */
		7A24BD132769534000E524B5 /* PlayerClass.swift in Sources */ = {isa = PBXBuildFile; fileRef = 7A24BD122769534000E524B5 /* PlayerClass.swift */; };
		7A24BD142769534000E524B5 /* PlayerClass.swift in Sources */ = {isa = PBXBuildFile; fileRef = 7A24BD122769534000E524B5 /* PlayerClass.swift */; };
		7A24BD172769547100E524B5 /* Billie Eilish - Getting Older.mp3 in Resources */ = {isa = PBXBuildFile; fileRef = 7A24BD162769547100E524B5 /* Billie Eilish - Getting Older.mp3 */; };
		7A24BD182769547100E524B5 /* Billie Eilish - Getting Older.mp3 in Resources */ = {isa = PBXBuildFile; fileRef = 7A24BD162769547100E524B5 /* Billie Eilish - Getting Older.mp3 */; };
		7A24BD1A276957C700E524B5 /* Dawn_Richard_-_Nostalgiacom.mp3 in Resources */ = {isa = PBXBuildFile; fileRef = 7A24BD19276957C700E524B5 /* Dawn_Richard_-_Nostalgiacom.mp3 */; };
		7A24BD1B276957C700E524B5 /* Dawn_Richard_-_Nostalgiacom.mp3 in Resources */ = {isa = PBXBuildFile; fileRef = 7A24BD19276957C700E524B5 /* Dawn_Richard_-_Nostalgiacom.mp3 */; };
		7A24BD1D2769589600E524B5 /* girl_in_red_-_Body_And_Mind.mp3 in Resources */ = {isa = PBXBuildFile; fileRef = 7A24BD1C2769589600E524B5 /* girl_in_red_-_Body_And_Mind.mp3 */; };
		7A24BD1E2769589600E524B5 /* girl_in_red_-_Body_And_Mind.mp3 in Resources */ = {isa = PBXBuildFile; fileRef = 7A24BD1C2769589600E524B5 /* girl_in_red_-_Body_And_Mind.mp3 */; };
		7A24BD23276958FA00E524B5 /* janelle-monae-dirty-computer.mp3 in Resources */ = {isa = PBXBuildFile; fileRef = 7A24BD22276958FA00E524B5 /* janelle-monae-dirty-computer.mp3 */; };
		7A24BD24276958FA00E524B5 /* janelle-monae-dirty-computer.mp3 in Resources */ = {isa = PBXBuildFile; fileRef = 7A24BD22276958FA00E524B5 /* janelle-monae-dirty-computer.mp3 */; };
		7A24BD262769594E00E524B5 /* Janelle Monae - Suite II Overture.mp3 in Resources */ = {isa = PBXBuildFile; fileRef = 7A24BD252769594E00E524B5 /* Janelle Monae - Suite II Overture.mp3 */; };
		7A24BD272769594E00E524B5 /* Janelle Monae - Suite II Overture.mp3 in Resources */ = {isa = PBXBuildFile; fileRef = 7A24BD252769594E00E524B5 /* Janelle Monae - Suite II Overture.mp3 */; };
		7A24BD2C27695A6500E524B5 /* Joy_Oladokun_-_sunday_(rum.muzikavsem.org).mp3 in Resources */ = {isa = PBXBuildFile; fileRef = 7A24BD2B27695A6500E524B5 /* Joy_Oladokun_-_sunday_(rum.muzikavsem.org).mp3 */; };
		7A24BD2D27695A6500E524B5 /* Joy_Oladokun_-_sunday_(rum.muzikavsem.org).mp3 in Resources */ = {isa = PBXBuildFile; fileRef = 7A24BD2B27695A6500E524B5 /* Joy_Oladokun_-_sunday_(rum.muzikavsem.org).mp3 */; };
		7A9405B227676671007E91E9 /* PlayerSmallView.swift in Sources */ = {isa = PBXBuildFile; fileRef = 7A9405B127676671007E91E9 /* PlayerSmallView.swift */; };
		7A9405B327676671007E91E9 /* PlayerSmallView.swift in Sources */ = {isa = PBXBuildFile; fileRef = 7A9405B127676671007E91E9 /* PlayerSmallView.swift */; };
		7A9405B82767E09C007E91E9 /* NavigationBars.swift in Sources */ = {isa = PBXBuildFile; fileRef = 7A9405B72767E09C007E91E9 /* NavigationBars.swift */; };
		7A9405B92767E09C007E91E9 /* NavigationBars.swift in Sources */ = {isa = PBXBuildFile; fileRef = 7A9405B72767E09C007E91E9 /* NavigationBars.swift */; };
		7A9405BB2769011D007E91E9 /* NewListView.swift in Sources */ = {isa = PBXBuildFile; fileRef = 7A9405BA2769011D007E91E9 /* NewListView.swift */; };
		7A9405BC2769011D007E91E9 /* NewListView.swift in Sources */ = {isa = PBXBuildFile; fileRef = 7A9405BA2769011D007E91E9 /* NewListView.swift */; };
		7A946DA12762133800E0AB3A /* SpotifyApp.swift in Sources */ = {isa = PBXBuildFile; fileRef = 7A946D912762133600E0AB3A /* SpotifyApp.swift */; };
		7A946DA22762133800E0AB3A /* SpotifyApp.swift in Sources */ = {isa = PBXBuildFile; fileRef = 7A946D912762133600E0AB3A /* SpotifyApp.swift */; };
		7A946DA32762133800E0AB3A /* PlayerView.swift in Sources */ = {isa = PBXBuildFile; fileRef = 7A946D922762133600E0AB3A /* PlayerView.swift */; };
		7A946DA42762133800E0AB3A /* PlayerView.swift in Sources */ = {isa = PBXBuildFile; fileRef = 7A946D922762133600E0AB3A /* PlayerView.swift */; };
		7A946DA52762133800E0AB3A /* Assets.xcassets in Resources */ = {isa = PBXBuildFile; fileRef = 7A946D932762133800E0AB3A /* Assets.xcassets */; };
		7A946DA62762133800E0AB3A /* Assets.xcassets in Resources */ = {isa = PBXBuildFile; fileRef = 7A946D932762133800E0AB3A /* Assets.xcassets */; };
		7A946DB02762CE1D00E0AB3A /* PlayerModelView.swift in Sources */ = {isa = PBXBuildFile; fileRef = 7A946DAF2762CE1D00E0AB3A /* PlayerModelView.swift */; };
		7A946DB12762CE1D00E0AB3A /* PlayerModelView.swift in Sources */ = {isa = PBXBuildFile; fileRef = 7A946DAF2762CE1D00E0AB3A /* PlayerModelView.swift */; };
		7AA9F6302764064B00B9C91F /* ListView.swift in Sources */ = {isa = PBXBuildFile; fileRef = 7AA9F62F2764064B00B9C91F /* ListView.swift */; };
		7AA9F6312764064B00B9C91F /* ListView.swift in Sources */ = {isa = PBXBuildFile; fileRef = 7AA9F62F2764064B00B9C91F /* ListView.swift */; };
		7AEC797427651E7D00361A38 /* Extensions.swift in Sources */ = {isa = PBXBuildFile; fileRef = 7AEC797327651E7D00361A38 /* Extensions.swift */; };
		7AEC797527651E7D00361A38 /* Extensions.swift in Sources */ = {isa = PBXBuildFile; fileRef = 7AEC797327651E7D00361A38 /* Extensions.swift */; };
/* End PBXBuildFile section */

/* Begin PBXFileReference section */
		7A24BD122769534000E524B5 /* PlayerClass.swift */ = {isa = PBXFileReference; lastKnownFileType = sourcecode.swift; path = PlayerClass.swift; sourceTree = "<group>"; };
		7A24BD162769547100E524B5 /* Billie Eilish - Getting Older.mp3 */ = {isa = PBXFileReference; lastKnownFileType = audio.mp3; path = "Billie Eilish - Getting Older.mp3"; sourceTree = "<group>"; };
		7A24BD19276957C700E524B5 /* Dawn_Richard_-_Nostalgiacom.mp3 */ = {isa = PBXFileReference; lastKnownFileType = audio.mp3; path = "Dawn_Richard_-_Nostalgiacom.mp3"; sourceTree = "<group>"; };
		7A24BD1C2769589600E524B5 /* girl_in_red_-_Body_And_Mind.mp3 */ = {isa = PBXFileReference; lastKnownFileType = audio.mp3; path = "girl_in_red_-_Body_And_Mind.mp3"; sourceTree = "<group>"; };
		7A24BD22276958FA00E524B5 /* janelle-monae-dirty-computer.mp3 */ = {isa = PBXFileReference; lastKnownFileType = audio.mp3; path = "janelle-monae-dirty-computer.mp3"; sourceTree = "<group>"; };
		7A24BD252769594E00E524B5 /* Janelle Monae - Suite II Overture.mp3 */ = {isa = PBXFileReference; lastKnownFileType = audio.mp3; path = "Janelle Monae - Suite II Overture.mp3"; sourceTree = "<group>"; };
		7A24BD2B27695A6500E524B5 /* Joy_Oladokun_-_sunday_(rum.muzikavsem.org).mp3 */ = {isa = PBXFileReference; lastKnownFileType = audio.mp3; path = "Joy_Oladokun_-_sunday_(rum.muzikavsem.org).mp3"; sourceTree = "<group>"; };
		7A9405B127676671007E91E9 /* PlayerSmallView.swift */ = {isa = PBXFileReference; lastKnownFileType = sourcecode.swift; path = PlayerSmallView.swift; sourceTree = "<group>"; };
		7A9405B72767E09C007E91E9 /* NavigationBars.swift */ = {isa = PBXFileReference; lastKnownFileType = sourcecode.swift; path = NavigationBars.swift; sourceTree = "<group>"; };
		7A9405BA2769011D007E91E9 /* NewListView.swift */ = {isa = PBXFileReference; lastKnownFileType = sourcecode.swift; path = NewListView.swift; sourceTree = "<group>"; };
		7A946D912762133600E0AB3A /* SpotifyApp.swift */ = {isa = PBXFileReference; lastKnownFileType = sourcecode.swift; path = SpotifyApp.swift; sourceTree = "<group>"; };
		7A946D922762133600E0AB3A /* PlayerView.swift */ = {isa = PBXFileReference; lastKnownFileType = sourcecode.swift; path = PlayerView.swift; sourceTree = "<group>"; };
		7A946D932762133800E0AB3A /* Assets.xcassets */ = {isa = PBXFileReference; lastKnownFileType = folder.assetcatalog; path = Assets.xcassets; sourceTree = "<group>"; };
		7A946D982762133800E0AB3A /* Spotify.app */ = {isa = PBXFileReference; explicitFileType = wrapper.application; includeInIndex = 0; path = Spotify.app; sourceTree = BUILT_PRODUCTS_DIR; };
		7A946D9E2762133800E0AB3A /* Spotify.app */ = {isa = PBXFileReference; explicitFileType = wrapper.application; includeInIndex = 0; path = Spotify.app; sourceTree = BUILT_PRODUCTS_DIR; };
		7A946DA02762133800E0AB3A /* macOS.entitlements */ = {isa = PBXFileReference; lastKnownFileType = text.plist.entitlements; path = macOS.entitlements; sourceTree = "<group>"; };
		7A946DAF2762CE1D00E0AB3A /* PlayerModelView.swift */ = {isa = PBXFileReference; lastKnownFileType = sourcecode.swift; path = PlayerModelView.swift; sourceTree = "<group>"; };
		7AA9F62F2764064B00B9C91F /* ListView.swift */ = {isa = PBXFileReference; lastKnownFileType = sourcecode.swift; path = ListView.swift; sourceTree = "<group>"; };
		7AEC797327651E7D00361A38 /* Extensions.swift */ = {isa = PBXFileReference; lastKnownFileType = sourcecode.swift; path = Extensions.swift; sourceTree = "<group>"; };
/* End PBXFileReference section */

/* Begin PBXFrameworksBuildPhase section */
		7A946D952762133800E0AB3A /* Frameworks */ = {
			isa = PBXFrameworksBuildPhase;
			buildActionMask = 2147483647;
			files = (
			);
			runOnlyForDeploymentPostprocessing = 0;
		};
		7A946D9B2762133800E0AB3A /* Frameworks */ = {
			isa = PBXFrameworksBuildPhase;
			buildActionMask = 2147483647;
			files = (
			);
			runOnlyForDeploymentPostprocessing = 0;
		};
/* End PBXFrameworksBuildPhase section */

/* Begin PBXGroup section */
		7A24BD152769545E00E524B5 /* Audio Files */ = {
			isa = PBXGroup;
			children = (
				7A24BD162769547100E524B5 /* Billie Eilish - Getting Older.mp3 */,
				7A24BD19276957C700E524B5 /* Dawn_Richard_-_Nostalgiacom.mp3 */,
				7A24BD1C2769589600E524B5 /* girl_in_red_-_Body_And_Mind.mp3 */,
				7A24BD22276958FA00E524B5 /* janelle-monae-dirty-computer.mp3 */,
				7A24BD252769594E00E524B5 /* Janelle Monae - Suite II Overture.mp3 */,
				7A24BD2B27695A6500E524B5 /* Joy_Oladokun_-_sunday_(rum.muzikavsem.org).mp3 */,
			);
			path = "Audio Files";
			sourceTree = "<group>";
		};
		7A946D8B2762133600E0AB3A = {
			isa = PBXGroup;
			children = (
				7A946D902762133600E0AB3A /* Shared */,
				7A946D9F2762133800E0AB3A /* macOS */,
				7A946D992762133800E0AB3A /* Products */,
			);
			sourceTree = "<group>";
		};
		7A946D902762133600E0AB3A /* Shared */ = {
			isa = PBXGroup;
			children = (
				7A946D912762133600E0AB3A /* SpotifyApp.swift */,
				7A9405BA2769011D007E91E9 /* NewListView.swift */,
				7AA9F62F2764064B00B9C91F /* ListView.swift */,
				7A946D922762133600E0AB3A /* PlayerView.swift */,
				7A9405B127676671007E91E9 /* PlayerSmallView.swift */,
				7A9405B72767E09C007E91E9 /* NavigationBars.swift */,
				7A946DAF2762CE1D00E0AB3A /* PlayerModelView.swift */,
				7AEC797327651E7D00361A38 /* Extensions.swift */,
				7A24BD122769534000E524B5 /* PlayerClass.swift */,
				7A946D932762133800E0AB3A /* Assets.xcassets */,
				7A24BD152769545E00E524B5 /* Audio Files */,
			);
			path = Shared;
			sourceTree = "<group>";
		};
		7A946D992762133800E0AB3A /* Products */ = {
			isa = PBXGroup;
			children = (
				7A946D982762133800E0AB3A /* Spotify.app */,
				7A946D9E2762133800E0AB3A /* Spotify.app */,
			);
			name = Products;
			sourceTree = "<group>";
		};
		7A946D9F2762133800E0AB3A /* macOS */ = {
			isa = PBXGroup;
			children = (
				7A946DA02762133800E0AB3A /* macOS.entitlements */,
			);
			path = macOS;
			sourceTree = "<group>";
		};
/* End PBXGroup section */

/* Begin PBXNativeTarget section */
		7A946D972762133800E0AB3A /* Spotify (iOS) */ = {
			isa = PBXNativeTarget;
			buildConfigurationList = 7A946DA92762133800E0AB3A /* Build configuration list for PBXNativeTarget "Spotify (iOS)" */;
			buildPhases = (
				7A946D942762133800E0AB3A /* Sources */,
				7A946D952762133800E0AB3A /* Frameworks */,
				7A946D962762133800E0AB3A /* Resources */,
			);
			buildRules = (
			);
			dependencies = (
			);
			name = "Spotify (iOS)";
			productName = "Spotify (iOS)";
			productReference = 7A946D982762133800E0AB3A /* Spotify.app */;
			productType = "com.apple.product-type.application";
		};
		7A946D9D2762133800E0AB3A /* Spotify (macOS) */ = {
			isa = PBXNativeTarget;
			buildConfigurationList = 7A946DAC2762133800E0AB3A /* Build configuration list for PBXNativeTarget "Spotify (macOS)" */;
			buildPhases = (
				7A946D9A2762133800E0AB3A /* Sources */,
				7A946D9B2762133800E0AB3A /* Frameworks */,
				7A946D9C2762133800E0AB3A /* Resources */,
			);
			buildRules = (
			);
			dependencies = (
			);
			name = "Spotify (macOS)";
			productName = "Spotify (macOS)";
			productReference = 7A946D9E2762133800E0AB3A /* Spotify.app */;
			productType = "com.apple.product-type.application";
		};
/* End PBXNativeTarget section */

/* Begin PBXProject section */
		7A946D8C2762133600E0AB3A /* Project object */ = {
			isa = PBXProject;
			attributes = {
				BuildIndependentTargetsInParallel = 1;
				LastSwiftUpdateCheck = 1300;
				LastUpgradeCheck = 1300;
				TargetAttributes = {
					7A946D972762133800E0AB3A = {
						CreatedOnToolsVersion = 13.0;
					};
					7A946D9D2762133800E0AB3A = {
						CreatedOnToolsVersion = 13.0;
					};
				};
			};
			buildConfigurationList = 7A946D8F2762133600E0AB3A /* Build configuration list for PBXProject "Spotify" */;
			compatibilityVersion = "Xcode 13.0";
			developmentRegion = en;
			hasScannedForEncodings = 0;
			knownRegions = (
				en,
				Base,
			);
			mainGroup = 7A946D8B2762133600E0AB3A;
			productRefGroup = 7A946D992762133800E0AB3A /* Products */;
			projectDirPath = "";
			projectRoot = "";
			targets = (
				7A946D972762133800E0AB3A /* Spotify (iOS) */,
				7A946D9D2762133800E0AB3A /* Spotify (macOS) */,
			);
		};
/* End PBXProject section */

/* Begin PBXResourcesBuildPhase section */
		7A946D962762133800E0AB3A /* Resources */ = {
			isa = PBXResourcesBuildPhase;
			buildActionMask = 2147483647;
			files = (
				7A946DA52762133800E0AB3A /* Assets.xcassets in Resources */,
				7A24BD1D2769589600E524B5 /* girl_in_red_-_Body_And_Mind.mp3 in Resources */,
				7A24BD23276958FA00E524B5 /* janelle-monae-dirty-computer.mp3 in Resources */,
				7A24BD172769547100E524B5 /* Billie Eilish - Getting Older.mp3 in Resources */,
				7A24BD262769594E00E524B5 /* Janelle Monae - Suite II Overture.mp3 in Resources */,
				7A24BD1A276957C700E524B5 /* Dawn_Richard_-_Nostalgiacom.mp3 in Resources */,
				7A24BD2C27695A6500E524B5 /* Joy_Oladokun_-_sunday_(rum.muzikavsem.org).mp3 in Resources */,
			);
			runOnlyForDeploymentPostprocessing = 0;
		};
		7A946D9C2762133800E0AB3A /* Resources */ = {
			isa = PBXResourcesBuildPhase;
			buildActionMask = 2147483647;
			files = (
				7A946DA62762133800E0AB3A /* Assets.xcassets in Resources */,
				7A24BD1E2769589600E524B5 /* girl_in_red_-_Body_And_Mind.mp3 in Resources */,
				7A24BD24276958FA00E524B5 /* janelle-monae-dirty-computer.mp3 in Resources */,
				7A24BD182769547100E524B5 /* Billie Eilish - Getting Older.mp3 in Resources */,
				7A24BD272769594E00E524B5 /* Janelle Monae - Suite II Overture.mp3 in Resources */,
				7A24BD1B276957C700E524B5 /* Dawn_Richard_-_Nostalgiacom.mp3 in Resources */,
				7A24BD2D27695A6500E524B5 /* Joy_Oladokun_-_sunday_(rum.muzikavsem.org).mp3 in Resources */,
			);
			runOnlyForDeploymentPostprocessing = 0;
		};
/* End PBXResourcesBuildPhase section */

/* Begin PBXSourcesBuildPhase section */
		7A946D942762133800E0AB3A /* Sources */ = {
			isa = PBXSourcesBuildPhase;
			buildActionMask = 2147483647;
			files = (
				7A24BD132769534000E524B5 /* PlayerClass.swift in Sources */,
				7AEC797427651E7D00361A38 /* Extensions.swift in Sources */,
				7AA9F6302764064B00B9C91F /* ListView.swift in Sources */,
				7A946DA32762133800E0AB3A /* PlayerView.swift in Sources */,
				7A9405B227676671007E91E9 /* PlayerSmallView.swift in Sources */,
				7A946DB02762CE1D00E0AB3A /* PlayerModelView.swift in Sources */,
				7A9405BB2769011D007E91E9 /* NewListView.swift in Sources */,
				7A946DA12762133800E0AB3A /* SpotifyApp.swift in Sources */,
				7A9405B82767E09C007E91E9 /* NavigationBars.swift in Sources */,
			);
			runOnlyForDeploymentPostprocessing = 0;
		};
		7A946D9A2762133800E0AB3A /* Sources */ = {
			isa = PBXSourcesBuildPhase;
			buildActionMask = 2147483647;
			files = (
				7A24BD142769534000E524B5 /* PlayerClass.swift in Sources */,
				7AEC797527651E7D00361A38 /* Extensions.swift in Sources */,
				7AA9F6312764064B00B9C91F /* ListView.swift in Sources */,
				7A946DA42762133800E0AB3A /* PlayerView.swift in Sources */,
				7A9405B327676671007E91E9 /* PlayerSmallView.swift in Sources */,
				7A946DB12762CE1D00E0AB3A /* PlayerModelView.swift in Sources */,
				7A9405BC2769011D007E91E9 /* NewListView.swift in Sources */,
				7A946DA22762133800E0AB3A /* SpotifyApp.swift in Sources */,
				7A9405B92767E09C007E91E9 /* NavigationBars.swift in Sources */,
			);
			runOnlyForDeploymentPostprocessing = 0;
		};
/* End PBXSourcesBuildPhase section */

/* Begin XCBuildConfiguration section */
		7A946DA72762133800E0AB3A /* Debug */ = {
			isa = XCBuildConfiguration;
			buildSettings = {
				ALWAYS_SEARCH_USER_PATHS = NO;
				CLANG_ANALYZER_NONNULL = YES;
				CLANG_ANALYZER_NUMBER_OBJECT_CONVERSION = YES_AGGRESSIVE;
				CLANG_CXX_LANGUAGE_STANDARD = "gnu++17";
				CLANG_CXX_LIBRARY = "libc++";
				CLANG_ENABLE_MODULES = YES;
				CLANG_ENABLE_OBJC_ARC = YES;
				CLANG_ENABLE_OBJC_WEAK = YES;
				CLANG_WARN_BLOCK_CAPTURE_AUTORELEASING = YES;
				CLANG_WARN_BOOL_CONVERSION = YES;
				CLANG_WARN_COMMA = YES;
				CLANG_WARN_CONSTANT_CONVERSION = YES;
				CLANG_WARN_DEPRECATED_OBJC_IMPLEMENTATIONS = YES;
				CLANG_WARN_DIRECT_OBJC_ISA_USAGE = YES_ERROR;
				CLANG_WARN_DOCUMENTATION_COMMENTS = YES;
				CLANG_WARN_EMPTY_BODY = YES;
				CLANG_WARN_ENUM_CONVERSION = YES;
				CLANG_WARN_INFINITE_RECURSION = YES;
				CLANG_WARN_INT_CONVERSION = YES;
				CLANG_WARN_NON_LITERAL_NULL_CONVERSION = YES;
				CLANG_WARN_OBJC_IMPLICIT_RETAIN_SELF = YES;
				CLANG_WARN_OBJC_LITERAL_CONVERSION = YES;
				CLANG_WARN_OBJC_ROOT_CLASS = YES_ERROR;
				CLANG_WARN_QUOTED_INCLUDE_IN_FRAMEWORK_HEADER = YES;
				CLANG_WARN_RANGE_LOOP_ANALYSIS = YES;
				CLANG_WARN_STRICT_PROTOTYPES = YES;
				CLANG_WARN_SUSPICIOUS_MOVE = YES;
				CLANG_WARN_UNGUARDED_AVAILABILITY = YES_AGGRESSIVE;
				CLANG_WARN_UNREACHABLE_CODE = YES;
				CLANG_WARN__DUPLICATE_METHOD_MATCH = YES;
				COPY_PHASE_STRIP = NO;
				DEBUG_INFORMATION_FORMAT = dwarf;
				ENABLE_STRICT_OBJC_MSGSEND = YES;
				ENABLE_TESTABILITY = YES;
				GCC_C_LANGUAGE_STANDARD = gnu11;
				GCC_DYNAMIC_NO_PIC = NO;
				GCC_NO_COMMON_BLOCKS = YES;
				GCC_OPTIMIZATION_LEVEL = 0;
				GCC_PREPROCESSOR_DEFINITIONS = (
					"DEBUG=1",
					"$(inherited)",
				);
				GCC_WARN_64_TO_32_BIT_CONVERSION = YES;
				GCC_WARN_ABOUT_RETURN_TYPE = YES_ERROR;
				GCC_WARN_UNDECLARED_SELECTOR = YES;
				GCC_WARN_UNINITIALIZED_AUTOS = YES_AGGRESSIVE;
				GCC_WARN_UNUSED_FUNCTION = YES;
				GCC_WARN_UNUSED_VARIABLE = YES;
				MTL_ENABLE_DEBUG_INFO = INCLUDE_SOURCE;
				MTL_FAST_MATH = YES;
				ONLY_ACTIVE_ARCH = YES;
				SWIFT_ACTIVE_COMPILATION_CONDITIONS = DEBUG;
				SWIFT_OPTIMIZATION_LEVEL = "-Onone";
			};
			name = Debug;
		};
		7A946DA82762133800E0AB3A /* Release */ = {
			isa = XCBuildConfiguration;
			buildSettings = {
				ALWAYS_SEARCH_USER_PATHS = NO;
				CLANG_ANALYZER_NONNULL = YES;
				CLANG_ANALYZER_NUMBER_OBJECT_CONVERSION = YES_AGGRESSIVE;
				CLANG_CXX_LANGUAGE_STANDARD = "gnu++17";
				CLANG_CXX_LIBRARY = "libc++";
				CLANG_ENABLE_MODULES = YES;
				CLANG_ENABLE_OBJC_ARC = YES;
				CLANG_ENABLE_OBJC_WEAK = YES;
				CLANG_WARN_BLOCK_CAPTURE_AUTORELEASING = YES;
				CLANG_WARN_BOOL_CONVERSION = YES;
				CLANG_WARN_COMMA = YES;
				CLANG_WARN_CONSTANT_CONVERSION = YES;
				CLANG_WARN_DEPRECATED_OBJC_IMPLEMENTATIONS = YES;
				CLANG_WARN_DIRECT_OBJC_ISA_USAGE = YES_ERROR;
				CLANG_WARN_DOCUMENTATION_COMMENTS = YES;
				CLANG_WARN_EMPTY_BODY = YES;
				CLANG_WARN_ENUM_CONVERSION = YES;
				CLANG_WARN_INFINITE_RECURSION = YES;
				CLANG_WARN_INT_CONVERSION = YES;
				CLANG_WARN_NON_LITERAL_NULL_CONVERSION = YES;
				CLANG_WARN_OBJC_IMPLICIT_RETAIN_SELF = YES;
				CLANG_WARN_OBJC_LITERAL_CONVERSION = YES;
				CLANG_WARN_OBJC_ROOT_CLASS = YES_ERROR;
				CLANG_WARN_QUOTED_INCLUDE_IN_FRAMEWORK_HEADER = YES;
				CLANG_WARN_RANGE_LOOP_ANALYSIS = YES;
				CLANG_WARN_STRICT_PROTOTYPES = YES;
				CLANG_WARN_SUSPICIOUS_MOVE = YES;
				CLANG_WARN_UNGUARDED_AVAILABILITY = YES_AGGRESSIVE;
				CLANG_WARN_UNREACHABLE_CODE = YES;
				CLANG_WARN__DUPLICATE_METHOD_MATCH = YES;
				COPY_PHASE_STRIP = NO;
				DEBUG_INFORMATION_FORMAT = "dwarf-with-dsym";
				ENABLE_NS_ASSERTIONS = NO;
				ENABLE_STRICT_OBJC_MSGSEND = YES;
				GCC_C_LANGUAGE_STANDARD = gnu11;
				GCC_NO_COMMON_BLOCKS = YES;
				GCC_WARN_64_TO_32_BIT_CONVERSION = YES;
				GCC_WARN_ABOUT_RETURN_TYPE = YES_ERROR;
				GCC_WARN_UNDECLARED_SELECTOR = YES;
				GCC_WARN_UNINITIALIZED_AUTOS = YES_AGGRESSIVE;
				GCC_WARN_UNUSED_FUNCTION = YES;
				GCC_WARN_UNUSED_VARIABLE = YES;
				MTL_ENABLE_DEBUG_INFO = NO;
				MTL_FAST_MATH = YES;
				SWIFT_COMPILATION_MODE = wholemodule;
				SWIFT_OPTIMIZATION_LEVEL = "-O";
			};
			name = Release;
		};
		7A946DAA2762133800E0AB3A /* Debug */ = {
			isa = XCBuildConfiguration;
			buildSettings = {
				ASSETCATALOG_COMPILER_APPICON_NAME = AppIcon;
				ASSETCATALOG_COMPILER_GLOBAL_ACCENT_COLOR_NAME = AccentColor;
				CODE_SIGN_STYLE = Automatic;
				CURRENT_PROJECT_VERSION = 1;
				DEVELOPMENT_TEAM = F2MVF3GV3N;
				ENABLE_PREVIEWS = YES;
				GENERATE_INFOPLIST_FILE = YES;
				INFOPLIST_KEY_UIApplicationSceneManifest_Generation = YES;
				INFOPLIST_KEY_UIApplicationSupportsIndirectInputEvents = YES;
				INFOPLIST_KEY_UILaunchScreen_Generation = YES;
				INFOPLIST_KEY_UISupportedInterfaceOrientations_iPad = "UIInterfaceOrientationPortrait UIInterfaceOrientationPortraitUpsideDown UIInterfaceOrientationLandscapeLeft UIInterfaceOrientationLandscapeRight";
				INFOPLIST_KEY_UISupportedInterfaceOrientations_iPhone = "UIInterfaceOrientationPortrait UIInterfaceOrientationLandscapeLeft UIInterfaceOrientationLandscapeRight";
				IPHONEOS_DEPLOYMENT_TARGET = 14.0;
				LD_RUNPATH_SEARCH_PATHS = (
					"$(inherited)",
					"@executable_path/Frameworks",
				);
				MARKETING_VERSION = 1.0;
				PRODUCT_BUNDLE_IDENTIFIER = triangle.cross.Spotify;
				PRODUCT_NAME = Spotify;
				SDKROOT = iphoneos;
				SWIFT_EMIT_LOC_STRINGS = YES;
				SWIFT_VERSION = 5.0;
				TARGETED_DEVICE_FAMILY = "1,2";
			};
			name = Debug;
		};
		7A946DAB2762133800E0AB3A /* Release */ = {
			isa = XCBuildConfiguration;
			buildSettings = {
				ASSETCATALOG_COMPILER_APPICON_NAME = AppIcon;
				ASSETCATALOG_COMPILER_GLOBAL_ACCENT_COLOR_NAME = AccentColor;
				CODE_SIGN_STYLE = Automatic;
				CURRENT_PROJECT_VERSION = 1;
				DEVELOPMENT_TEAM = F2MVF3GV3N;
				ENABLE_PREVIEWS = YES;
				GENERATE_INFOPLIST_FILE = YES;
				INFOPLIST_KEY_UIApplicationSceneManifest_Generation = YES;
				INFOPLIST_KEY_UIApplicationSupportsIndirectInputEvents = YES;
				INFOPLIST_KEY_UILaunchScreen_Generation = YES;
				INFOPLIST_KEY_UISupportedInterfaceOrientations_iPad = "UIInterfaceOrientationPortrait UIInterfaceOrientationPortraitUpsideDown UIInterfaceOrientationLandscapeLeft UIInterfaceOrientationLandscapeRight";
				INFOPLIST_KEY_UISupportedInterfaceOrientations_iPhone = "UIInterfaceOrientationPortrait UIInterfaceOrientationLandscapeLeft UIInterfaceOrientationLandscapeRight";
				IPHONEOS_DEPLOYMENT_TARGET = 14.0;
				LD_RUNPATH_SEARCH_PATHS = (
					"$(inherited)",
					"@executable_path/Frameworks",
				);
				MARKETING_VERSION = 1.0;
				PRODUCT_BUNDLE_IDENTIFIER = triangle.cross.Spotify;
				PRODUCT_NAME = Spotify;
				SDKROOT = iphoneos;
				SWIFT_EMIT_LOC_STRINGS = YES;
				SWIFT_VERSION = 5.0;
				TARGETED_DEVICE_FAMILY = "1,2";
				VALIDATE_PRODUCT = YES;
			};
			name = Release;
		};
		7A946DAD2762133800E0AB3A /* Debug */ = {
			isa = XCBuildConfiguration;
			buildSettings = {
				ASSETCATALOG_COMPILER_APPICON_NAME = AppIcon;
				ASSETCATALOG_COMPILER_GLOBAL_ACCENT_COLOR_NAME = AccentColor;
				CODE_SIGN_ENTITLEMENTS = macOS/macOS.entitlements;
				CODE_SIGN_STYLE = Automatic;
				COMBINE_HIDPI_IMAGES = YES;
				CURRENT_PROJECT_VERSION = 1;
				DEVELOPMENT_TEAM = F2MVF3GV3N;
				ENABLE_HARDENED_RUNTIME = YES;
				ENABLE_PREVIEWS = YES;
				GENERATE_INFOPLIST_FILE = YES;
				INFOPLIST_KEY_NSHumanReadableCopyright = "";
				LD_RUNPATH_SEARCH_PATHS = (
					"$(inherited)",
					"@executable_path/../Frameworks",
				);
				MACOSX_DEPLOYMENT_TARGET = 11.0;
				MARKETING_VERSION = 1.0;
				PRODUCT_BUNDLE_IDENTIFIER = triangle.cross.Spotify;
				PRODUCT_NAME = Spotify;
				SDKROOT = macosx;
				SWIFT_EMIT_LOC_STRINGS = YES;
				SWIFT_VERSION = 5.0;
			};
			name = Debug;
		};
		7A946DAE2762133800E0AB3A /* Release */ = {
			isa = XCBuildConfiguration;
			buildSettings = {
				ASSETCATALOG_COMPILER_APPICON_NAME = AppIcon;
				ASSETCATALOG_COMPILER_GLOBAL_ACCENT_COLOR_NAME = AccentColor;
				CODE_SIGN_ENTITLEMENTS = macOS/macOS.entitlements;
				CODE_SIGN_STYLE = Automatic;
				COMBINE_HIDPI_IMAGES = YES;
				CURRENT_PROJECT_VERSION = 1;
				DEVELOPMENT_TEAM = F2MVF3GV3N;
				ENABLE_HARDENED_RUNTIME = YES;
				ENABLE_PREVIEWS = YES;
				GENERATE_INFOPLIST_FILE = YES;
				INFOPLIST_KEY_NSHumanReadableCopyright = "";
				LD_RUNPATH_SEARCH_PATHS = (
					"$(inherited)",
					"@executable_path/../Frameworks",
				);
				MACOSX_DEPLOYMENT_TARGET = 11.0;
				MARKETING_VERSION = 1.0;
				PRODUCT_BUNDLE_IDENTIFIER = triangle.cross.Spotify;
				PRODUCT_NAME = Spotify;
				SDKROOT = macosx;
				SWIFT_EMIT_LOC_STRINGS = YES;
				SWIFT_VERSION = 5.0;
			};
			name = Release;
		};
/* End XCBuildConfiguration section */

/* Begin XCConfigurationList section */
		7A946D8F2762133600E0AB3A /* Build configuration list for PBXProject "Spotify" */ = {
			isa = XCConfigurationList;
			buildConfigurations = (
				7A946DA72762133800E0AB3A /* Debug */,
				7A946DA82762133800E0AB3A /* Release */,
			);
			defaultConfigurationIsVisible = 0;
			defaultConfigurationName = Release;
		};
		7A946DA92762133800E0AB3A /* Build configuration list for PBXNativeTarget "Spotify (iOS)" */ = {
			isa = XCConfigurationList;
			buildConfigurations = (
				7A946DAA2762133800E0AB3A /* Debug */,
				7A946DAB2762133800E0AB3A /* Release */,
			);
			defaultConfigurationIsVisible = 0;
			defaultConfigurationName = Release;
		};
		7A946DAC2762133800E0AB3A /* Build configuration list for PBXNativeTarget "Spotify (macOS)" */ = {
			isa = XCConfigurationList;
			buildConfigurations = (
				7A946DAD2762133800E0AB3A /* Debug */,
				7A946DAE2762133800E0AB3A /* Release */,
			);
			defaultConfigurationIsVisible = 0;
			defaultConfigurationName = Release;
		};
/* End XCConfigurationList section */
	};
	rootObject = 7A946D8C2762133600E0AB3A /* Project object */;
}
